
Microsoft Visual Studio Solution File, Format Version 12.00
Project("{FAE04EC0-301F-11D3-BF4B-00C04F79EFBC}") = "MikuBlazor", "MikuBlazor\MikuBlazor.csproj", "{764F358B-0D26-4734-854B-839E68716AA8}"
EndProject
Project("{2150E333-8FDC-42A3-9474-1A3956D46DE8}") = "Persistence", "Persistence", "{BBB6D69C-47D7-44E8-A5E7-09A0B756DD36}"
EndProject
Project("{2150E333-8FDC-42A3-9474-1A3956D46DE8}") = "BlazorServer", "BlazorServer", "{45A2318E-4247-4811-8BD6-89C79C6367CA}"
EndProject
Project("{2150E333-8FDC-42A3-9474-1A3956D46DE8}") = "Domain", "Domain", "{E00912E1-08B2-436C-B626-0F3B5A25F41E}"
EndProject
Project("{FAE04EC0-301F-11D3-BF4B-00C04F79EFBC}") = "MikuBlazor.Domain", "MikuBlazor.Domain\MikuBlazor.Domain.csproj", "{09AB639B-11B6-430A-99A9-4EE92BEDFE0B}"
EndProject
Global
	GlobalSection(SolutionConfigurationPlatforms) = preSolution
		Debug|Any CPU = Debug|Any CPU
		Release|Any CPU = Release|Any CPU
	EndGlobalSection
	GlobalSection(ProjectConfigurationPlatforms) = postSolution
		{764F358B-0D26-4734-854B-839E68716AA8}.Debug|Any CPU.ActiveCfg = Debug|Any CPU
		{764F358B-0D26-4734-854B-839E68716AA8}.Debug|Any CPU.Build.0 = Debug|Any CPU
		{764F358B-0D26-4734-854B-839E68716AA8}.Release|Any CPU.ActiveCfg = Release|Any CPU
		{764F358B-0D26-4734-854B-839E68716AA8}.Release|Any CPU.Build.0 = Release|Any CPU
		{09AB639B-11B6-430A-99A9-4EE92BEDFE0B}.Debug|Any CPU.ActiveCfg = Debug|Any CPU
		{09AB639B-11B6-430A-99A9-4EE92BEDFE0B}.Debug|Any CPU.Build.0 = Debug|Any CPU
		{09AB639B-11B6-430A-99A9-4EE92BEDFE0B}.Release|Any CPU.ActiveCfg = Release|Any CPU
		{09AB639B-11B6-430A-99A9-4EE92BEDFE0B}.Release|Any CPU.Build.0 = Release|Any CPU
	EndGlobalSection
	GlobalSection(NestedProjects) = preSolution
		{764F358B-0D26-4734-854B-839E68716AA8} = {45A2318E-4247-4811-8BD6-89C79C6367CA}
		{09AB639B-11B6-430A-99A9-4EE92BEDFE0B} = {E00912E1-08B2-436C-B626-0F3B5A25F41E}
	EndGlobalSection
EndGlobal
